
Microsoft Visual Studio Solution File, Format Version 12.00
# Visual Studio Version 17
VisualStudioVersion = 17.8.34309.116
MinimumVisualStudioVersion = 10.0.40219.1
Project("{8BC9CEB8-8B4A-11D0-8D11-00A0C91BC942}") = "CosPro2_20231209_1", "CosPro2_20231209_1\CosPro2_20231209_1.vcxproj", "{251F73C2-4FC7-4B3D-A024-63CD130C0741}"
EndProject
Global
	GlobalSection(SolutionConfigurationPlatforms) = preSolution
		Debug|x64 = Debug|x64
		Debug|x86 = Debug|x86
		Release|x64 = Release|x64
		Release|x86 = Release|x86
	EndGlobalSection
	GlobalSection(ProjectConfigurationPlatforms) = postSolution
		{251F73C2-4FC7-4B3D-A024-63CD130C0741}.Debug|x64.ActiveCfg = Debug|x64
		{251F73C2-4FC7-4B3D-A024-63CD130C0741}.Debug|x64.Build.0 = Debug|x64
		{251F73C2-4FC7-4B3D-A024-63CD130C0741}.Debug|x86.ActiveCfg = Debug|Win32
		{251F73C2-4FC7-4B3D-A024-63CD130C0741}.Debug|x86.Build.0 = Debug|Win32
		{251F73C2-4FC7-4B3D-A024-63CD130C0741}.Release|x64.ActiveCfg = Release|x64
		{251F73C2-4FC7-4B3D-A024-63CD130C0741}.Release|x64.Build.0 = Release|x64
		{251F73C2-4FC7-4B3D-A024-63CD130C0741}.Release|x86.ActiveCfg = Release|Win32
		{251F73C2-4FC7-4B3D-A024-63CD130C0741}.Release|x86.Build.0 = Release|Win32
	EndGlobalSection
	GlobalSection(SolutionProperties) = preSolution
		HideSolutionNode = FALSE
	EndGlobalSection
	GlobalSection(ExtensibilityGlobals) = postSolution
		SolutionGuid = {58444B50-58B2-4CFB-BD49-FA90016F76C9}
	EndGlobalSection
EndGlobal
