
Microsoft Visual Studio Solution File, Format Version 12.00
# Visual Studio Version 17
VisualStudioVersion = 17.4.33205.214
MinimumVisualStudioVersion = 10.0.40219.1
Project("{8BC9CEB8-8B4A-11D0-8D11-00A0C91BC942}") = "Project1", "Project1\Project1.vcxproj", "{D9F61244-BC57-41A6-B242-FE4C3B28C2BB}"
EndProject
Global
	GlobalSection(SolutionConfigurationPlatforms) = preSolution
		Debug|x64 = Debug|x64
		Debug|x86 = Debug|x86
		Release|x64 = Release|x64
		Release|x86 = Release|x86
	EndGlobalSection
	GlobalSection(ProjectConfigurationPlatforms) = postSolution
		{D9F61244-BC57-41A6-B242-FE4C3B28C2BB}.Debug|x64.ActiveCfg = Debug|x64
		{D9F61244-BC57-41A6-B242-FE4C3B28C2BB}.Debug|x64.Build.0 = Debug|x64
		{D9F61244-BC57-41A6-B242-FE4C3B28C2BB}.Debug|x86.ActiveCfg = Debug|Win32
		{D9F61244-BC57-41A6-B242-FE4C3B28C2BB}.Debug|x86.Build.0 = Debug|Win32
		{D9F61244-BC57-41A6-B242-FE4C3B28C2BB}.Release|x64.ActiveCfg = Release|x64
		{D9F61244-BC57-41A6-B242-FE4C3B28C2BB}.Release|x64.Build.0 = Release|x64
		{D9F61244-BC57-41A6-B242-FE4C3B28C2BB}.Release|x86.ActiveCfg = Release|Win32
		{D9F61244-BC57-41A6-B242-FE4C3B28C2BB}.Release|x86.Build.0 = Release|Win32
	EndGlobalSection
	GlobalSection(SolutionProperties) = preSolution
		HideSolutionNode = FALSE
	EndGlobalSection
	GlobalSection(ExtensibilityGlobals) = postSolution
		SolutionGuid = {E67CDB61-3439-453C-BE3B-D29B04AACBD8}
	EndGlobalSection
EndGlobal
