
Microsoft Visual Studio Solution File, Format Version 12.00
# Visual Studio Version 17
VisualStudioVersion = 17.4.33213.308
MinimumVisualStudioVersion = 10.0.40219.1
Project("{8BC9CEB8-8B4A-11D0-8D11-00A0C91BC942}") = "Physics_Trainer_Chap2", "Physics_Trainer_Chap2\Physics_Trainer_Chap2.vcxproj", "{ABF704B8-19ED-4E70-A0EC-418CD5AAAB12}"
EndProject
Global
	GlobalSection(SolutionConfigurationPlatforms) = preSolution
		Debug|x64 = Debug|x64
		Debug|x86 = Debug|x86
		Release|x64 = Release|x64
		Release|x86 = Release|x86
	EndGlobalSection
	GlobalSection(ProjectConfigurationPlatforms) = postSolution
		{ABF704B8-19ED-4E70-A0EC-418CD5AAAB12}.Debug|x64.ActiveCfg = Debug|x64
		{ABF704B8-19ED-4E70-A0EC-418CD5AAAB12}.Debug|x64.Build.0 = Debug|x64
		{ABF704B8-19ED-4E70-A0EC-418CD5AAAB12}.Debug|x86.ActiveCfg = Debug|Win32
		{ABF704B8-19ED-4E70-A0EC-418CD5AAAB12}.Debug|x86.Build.0 = Debug|Win32
		{ABF704B8-19ED-4E70-A0EC-418CD5AAAB12}.Release|x64.ActiveCfg = Release|x64
		{ABF704B8-19ED-4E70-A0EC-418CD5AAAB12}.Release|x64.Build.0 = Release|x64
		{ABF704B8-19ED-4E70-A0EC-418CD5AAAB12}.Release|x86.ActiveCfg = Release|Win32
		{ABF704B8-19ED-4E70-A0EC-418CD5AAAB12}.Release|x86.Build.0 = Release|Win32
	EndGlobalSection
	GlobalSection(SolutionProperties) = preSolution
		HideSolutionNode = FALSE
	EndGlobalSection
	GlobalSection(ExtensibilityGlobals) = postSolution
		SolutionGuid = {516B358C-8E54-4023-8AA6-C2B663481D67}
	EndGlobalSection
EndGlobal
