
Microsoft Visual Studio Solution File, Format Version 12.00
# Visual Studio Version 17
VisualStudioVersion = 17.5.33516.290
MinimumVisualStudioVersion = 10.0.40219.1
Project("{8BC9CEB8-8B4A-11D0-8D11-00A0C91BC942}") = "20230411_8", "20230411_8\20230411_8.vcxproj", "{5611693F-1F22-4697-94E2-75C9D75F6787}"
EndProject
Global
	GlobalSection(SolutionConfigurationPlatforms) = preSolution
		Debug|x64 = Debug|x64
		Debug|x86 = Debug|x86
		Release|x64 = Release|x64
		Release|x86 = Release|x86
	EndGlobalSection
	GlobalSection(ProjectConfigurationPlatforms) = postSolution
		{5611693F-1F22-4697-94E2-75C9D75F6787}.Debug|x64.ActiveCfg = Debug|x64
		{5611693F-1F22-4697-94E2-75C9D75F6787}.Debug|x64.Build.0 = Debug|x64
		{5611693F-1F22-4697-94E2-75C9D75F6787}.Debug|x86.ActiveCfg = Debug|Win32
		{5611693F-1F22-4697-94E2-75C9D75F6787}.Debug|x86.Build.0 = Debug|Win32
		{5611693F-1F22-4697-94E2-75C9D75F6787}.Release|x64.ActiveCfg = Release|x64
		{5611693F-1F22-4697-94E2-75C9D75F6787}.Release|x64.Build.0 = Release|x64
		{5611693F-1F22-4697-94E2-75C9D75F6787}.Release|x86.ActiveCfg = Release|Win32
		{5611693F-1F22-4697-94E2-75C9D75F6787}.Release|x86.Build.0 = Release|Win32
	EndGlobalSection
	GlobalSection(SolutionProperties) = preSolution
		HideSolutionNode = FALSE
	EndGlobalSection
	GlobalSection(ExtensibilityGlobals) = postSolution
		SolutionGuid = {B215AB5F-AD29-4A0C-A4D9-4D4145815CF7}
	EndGlobalSection
EndGlobal
